// !$*UTF8*$!
{
	archiveVersion = 1;
	classes = {
	};
	objectVersion = 77;
	objects = {

/* Begin PBXContainerItemProxy section */
		D51B392A2E52BBE800535B10 /* PBXContainerItemProxy */ = {
			isa = PBXContainerItemProxy;
			containerPortal = D51B390B2E52BBE800535B10 /* Project object */;
			proxyType = 1;
			remoteGlobalIDString = D51B39122E52BBE800535B10;
			remoteInfo = TicTacTeo;
		};
		D51B39342E52BBE900535B10 /* PBXContainerItemProxy */ = {
			isa = PBXContainerItemProxy;
			containerPortal = D51B390B2E52BBE800535B10 /* Project object */;
			proxyType = 1;
			remoteGlobalIDString = D51B39122E52BBE800535B10;
			remoteInfo = TicTacTeo;
		};
/* End PBXContainerItemProxy section */

/* Begin PBXFileReference section */
		D51B39132E52BBE800535B10 /* TicTacTeo.app */ = {isa = PBXFileReference; explicitFileType = wrapper.application; includeInIndex = 0; path = TicTacTeo.app; sourceTree = BUILT_PRODUCTS_DIR; };
		D51B39292E52BBE800535B10 /* TicTacTeoTests.xctest */ = {isa = PBXFileReference; explicitFileType = wrapper.cfbundle; includeInIndex = 0; path = TicTacTeoTests.xctest; sourceTree = BUILT_PRODUCTS_DIR; };
		D51B39332E52BBE900535B10 /* TicTacTeoUITests.xctest */ = {isa = PBXFileReference; explicitFileType = wrapper.cfbundle; includeInIndex = 0; path = TicTacTeoUITests.xctest; sourceTree = BUILT_PRODUCTS_DIR; };
/* End PBXFileReference section */

/* Begin PBXFileSystemSynchronizedBuildFileExceptionSet section */
		D51B393B2E52BBE900535B10 /* Exceptions for "TicTacTeo" folder in "TicTacTeo" target */ = {
			isa = PBXFileSystemSynchronizedBuildFileExceptionSet;
			membershipExceptions = (
				Info.plist,
			);
			target = D51B39122E52BBE800535B10 /* TicTacTeo */;
		};
/* End PBXFileSystemSynchronizedBuildFileExceptionSet section */

/* Begin PBXFileSystemSynchronizedRootGroup section */
		D51B39152E52BBE800535B10 /* TicTacTeo */ = {
			isa = PBXFileSystemSynchronizedRootGroup;
			exceptions = (
				D51B393B2E52BBE900535B10 /* Exceptions for "TicTacTeo" folder in "TicTacTeo" target */,
			);
			path = TicTacTeo;
			sourceTree = "<group>";
		};
		D51B392C2E52BBE800535B10 /* TicTacTeoTests */ = {
			isa = PBXFileSystemSynchronizedRootGroup;
			path = TicTacTeoTests;
			sourceTree = "<group>";
		};
		D51B39362E52BBE900535B10 /* TicTacTeoUITests */ = {
			isa = PBXFileSystemSynchronizedRootGroup;
			path = TicTacTeoUITests;
			sourceTree = "<group>";
		};
/* End PBXFileSystemSynchronizedRootGroup section */

/* Begin PBXFrameworksBuildPhase section */
		D51B39102E52BBE800535B10 /* Frameworks */ = {
			isa = PBXFrameworksBuildPhase;
			buildActionMask = 2147483647;
			files = (
			);
			runOnlyForDeploymentPostprocessing = 0;
		};
		D51B39262E52BBE800535B10 /* Frameworks */ = {
			isa = PBXFrameworksBuildPhase;
			buildActionMask = 2147483647;
			files = (
			);
			runOnlyForDeploymentPostprocessing = 0;
		};
		D51B39302E52BBE900535B10 /* Frameworks */ = {
			isa = PBXFrameworksBuildPhase;
			buildActionMask = 2147483647;
			files = (
			);
			runOnlyForDeploymentPostprocessing = 0;
		};
/* End PBXFrameworksBuildPhase section */

/* Begin PBXGroup section */
		D51B390A2E52BBE800535B10 = {
			isa = PBXGroup;
			children = (
				D51B39152E52BBE800535B10 /* TicTacTeo */,
				D51B392C2E52BBE800535B10 /* TicTacTeoTests */,
				D51B39362E52BBE900535B10 /* TicTacTeoUITests */,
				D51B39142E52BBE800535B10 /* Products */,
			);
			sourceTree = "<group>";
		};
		D51B39142E52BBE800535B10 /* Products */ = {
			isa = PBXGroup;
			children = (
				D51B39132E52BBE800535B10 /* TicTacTeo.app */,
				D51B39292E52BBE800535B10 /* TicTacTeoTests.xctest */,
				D51B39332E52BBE900535B10 /* TicTacTeoUITests.xctest */,
			);
			name = Products;
			sourceTree = "<group>";
		};
/* End PBXGroup section */

/* Begin PBXNativeTarget section */
		D51B39122E52BBE800535B10 /* TicTacTeo */ = {
			isa = PBXNativeTarget;
			buildConfigurationList = D51B393C2E52BBE900535B10 /* Build configuration list for PBXNativeTarget "TicTacTeo" */;
			buildPhases = (
				D51B390F2E52BBE800535B10 /* Sources */,
				D51B39102E52BBE800535B10 /* Frameworks */,
				D51B39112E52BBE800535B10 /* Resources */,
			);
			buildRules = (
			);
			dependencies = (
			);
			fileSystemSynchronizedGroups = (
				D51B39152E52BBE800535B10 /* TicTacTeo */,
			);
			name = TicTacTeo;
			packageProductDependencies = (
			);
			productName = TicTacTeo;
			productReference = D51B39132E52BBE800535B10 /* TicTacTeo.app */;
			productType = "com.apple.product-type.application";
		};
		D51B39282E52BBE800535B10 /* TicTacTeoTests */ = {
			isa = PBXNativeTarget;
			buildConfigurationList = D51B39412E52BBE900535B10 /* Build configuration list for PBXNativeTarget "TicTacTeoTests" */;
			buildPhases = (
				D51B39252E52BBE800535B10 /* Sources */,
				D51B39262E52BBE800535B10 /* Frameworks */,
				D51B39272E52BBE800535B10 /* Resources */,
			);
			buildRules = (
			);
			dependencies = (
				D51B392B2E52BBE800535B10 /* PBXTargetDependency */,
			);
			fileSystemSynchronizedGroups = (
				D51B392C2E52BBE800535B10 /* TicTacTeoTests */,
			);
			name = TicTacTeoTests;
			packageProductDependencies = (
			);
			productName = TicTacTeoTests;
			productReference = D51B39292E52BBE800535B10 /* TicTacTeoTests.xctest */;
			productType = "com.apple.product-type.bundle.unit-test";
		};
		D51B39322E52BBE900535B10 /* TicTacTeoUITests */ = {
			isa = PBXNativeTarget;
			buildConfigurationList = D51B39442E52BBE900535B10 /* Build configuration list for PBXNativeTarget "TicTacTeoUITests" */;
			buildPhases = (
				D51B392F2E52BBE900535B10 /* Sources */,
				D51B39302E52BBE900535B10 /* Frameworks */,
				D51B39312E52BBE900535B10 /* Resources */,
			);
			buildRules = (
			);
			dependencies = (
				D51B39352E52BBE900535B10 /* PBXTargetDependency */,
			);
			fileSystemSynchronizedGroups = (
				D51B39362E52BBE900535B10 /* TicTacTeoUITests */,
			);
			name = TicTacTeoUITests;
			packageProductDependencies = (
			);
			productName = TicTacTeoUITests;
			productReference = D51B39332E52BBE900535B10 /* TicTacTeoUITests.xctest */;
			productType = "com.apple.product-type.bundle.ui-testing";
		};
/* End PBXNativeTarget section */

/* Begin PBXProject section */
		D51B390B2E52BBE800535B10 /* Project object */ = {
			isa = PBXProject;
			attributes = {
				BuildIndependentTargetsInParallel = 1;
				LastSwiftUpdateCheck = 1630;
				LastUpgradeCheck = 1630;
				TargetAttributes = {
					D51B39122E52BBE800535B10 = {
						CreatedOnToolsVersion = 16.3;
					};
					D51B39282E52BBE800535B10 = {
						CreatedOnToolsVersion = 16.3;
						TestTargetID = D51B39122E52BBE800535B10;
					};
					D51B39322E52BBE900535B10 = {
						CreatedOnToolsVersion = 16.3;
						TestTargetID = D51B39122E52BBE800535B10;
					};
				};
			};
			buildConfigurationList = D51B390E2E52BBE800535B10 /* Build configuration list for PBXProject "TicTacTeo" */;
			developmentRegion = en;
			hasScannedForEncodings = 0;
			knownRegions = (
				en,
				Base,
			);
			mainGroup = D51B390A2E52BBE800535B10;
			minimizedProjectReferenceProxies = 1;
			preferredProjectObjectVersion = 77;
			productRefGroup = D51B39142E52BBE800535B10 /* Products */;
			projectDirPath = "";
			projectRoot = "";
			targets = (
				D51B39122E52BBE800535B10 /* TicTacTeo */,
				D51B39282E52BBE800535B10 /* TicTacTeoTests */,
				D51B39322E52BBE900535B10 /* TicTacTeoUITests */,
			);
		};
/* End PBXProject section */

/* Begin PBXResourcesBuildPhase section */
		D51B39112E52BBE800535B10 /* Resources */ = {
			isa = PBXResourcesBuildPhase;
			buildActionMask = 2147483647;
			files = (
			);
			runOnlyForDeploymentPostprocessing = 0;
		};
		D51B39272E52BBE800535B10 /* Resources */ = {
			isa = PBXResourcesBuildPhase;
			buildActionMask = 2147483647;
			files = (
			);
			runOnlyForDeploymentPostprocessing = 0;
		};
		D51B39312E52BBE900535B10 /* Resources */ = {
			isa = PBXResourcesBuildPhase;
			buildActionMask = 2147483647;
			files = (
			);
			runOnlyForDeploymentPostprocessing = 0;
		};
/* End PBXResourcesBuildPhase section */

/* Begin PBXSourcesBuildPhase section */
		D51B390F2E52BBE800535B10 /* Sources */ = {
			isa = PBXSourcesBuildPhase;
			buildActionMask = 2147483647;
			files = (
			);
			runOnlyForDeploymentPostprocessing = 0;
		};
		D51B39252E52BBE800535B10 /* Sources */ = {
			isa = PBXSourcesBuildPhase;
			buildActionMask = 2147483647;
			files = (
			);
			runOnlyForDeploymentPostprocessing = 0;
		};
		D51B392F2E52BBE900535B10 /* Sources */ = {
			isa = PBXSourcesBuildPhase;
			buildActionMask = 2147483647;
			files = (
			);
			runOnlyForDeploymentPostprocessing = 0;
		};
/* End PBXSourcesBuildPhase section */

/* Begin PBXTargetDependency section */
		D51B392B2E52BBE800535B10 /* PBXTargetDependency */ = {
			isa = PBXTargetDependency;
			target = D51B39122E52BBE800535B10 /* TicTacTeo */;
			targetProxy = D51B392A2E52BBE800535B10 /* PBXContainerItemProxy */;
		};
		D51B39352E52BBE900535B10 /* PBXTargetDependency */ = {
			isa = PBXTargetDependency;
			target = D51B39122E52BBE800535B10 /* TicTacTeo */;
			targetProxy = D51B39342E52BBE900535B10 /* PBXContainerItemProxy */;
		};
/* End PBXTargetDependency section */

/* Begin XCBuildConfiguration section */
		D51B393D2E52BBE900535B10 /* Debug */ = {
			isa = XCBuildConfiguration;
			buildSettings = {
				ASSETCATALOG_COMPILER_APPICON_NAME = AppIcon;
				ASSETCATALOG_COMPILER_GLOBAL_ACCENT_COLOR_NAME = AccentColor;
				CODE_SIGN_STYLE = Automatic;
				CURRENT_PROJECT_VERSION = 1;
				DEVELOPMENT_TEAM = CGSDVY244T;
				GENERATE_INFOPLIST_FILE = YES;
				INFOPLIST_FILE = TicTacTeo/Info.plist;
				INFOPLIST_KEY_UIApplicationSupportsIndirectInputEvents = YES;
				INFOPLIST_KEY_UILaunchStoryboardName = LaunchScreen;
				INFOPLIST_KEY_UIMainStoryboardFile = Main;
				INFOPLIST_KEY_UISupportedInterfaceOrientations_iPad = "UIInterfaceOrientationPortrait UIInterfaceOrientationPortraitUpsideDown UIInterfaceOrientationLandscapeLeft UIInterfaceOrientationLandscapeRight";
				INFOPLIST_KEY_UISupportedInterfaceOrientations_iPhone = "UIInterfaceOrientationPortrait UIInterfaceOrientationLandscapeLeft UIInterfaceOrientationLandscapeRight";
				LD_RUNPATH_SEARCH_PATHS = (
					"$(inherited)",
					"@executable_path/Frameworks",
				);
				MARKETING_VERSION = 1.0;
				PRODUCT_BUNDLE_IDENTIFIER = mvt.com.TicTacTeo;
				PRODUCT_NAME = "$(TARGET_NAME)";
				SWIFT_EMIT_LOC_STRINGS = YES;
				SWIFT_VERSION = 5.0;
				TARGETED_DEVICE_FAMILY = "1,2";
			};
			name = Debug;
		};
		D51B393E2E52BBE900535B10 /* Release */ = {
			isa = XCBuildConfiguration;
			buildSettings = {
				ASSETCATALOG_COMPILER_APPICON_NAME = AppIcon;
				ASSETCATALOG_COMPILER_GLOBAL_ACCENT_COLOR_NAME = AccentColor;
				CODE_SIGN_STYLE = Automatic;
				CURRENT_PROJECT_VERSION = 1;
				DEVELOPMENT_TEAM = CGSDVY244T;
				GENERATE_INFOPLIST_FILE = YES;
				INFOPLIST_FILE = TicTacTeo/Info.plist;
				INFOPLIST_KEY_UIApplicationSupportsIndirectInputEvents = YES;
				INFOPLIST_KEY_UILaunchStoryboardName = LaunchScreen;
				INFOPLIST_KEY_UIMainStoryboardFile = Main;
				INFOPLIST_KEY_UISupportedInterfaceOrientations_iPad = "UIInterfaceOrientationPortrait UIInterfaceOrientationPortraitUpsideDown UIInterfaceOrientationLandscapeLeft UIInterfaceOrientationLandscapeRight";
				INFOPLIST_KEY_UISupportedInterfaceOrientations_iPhone = "UIInterfaceOrientationPortrait UIInterfaceOrientationLandscapeLeft UIInterfaceOrientationLandscapeRight";
				LD_RUNPATH_SEARCH_PATHS = (
					"$(inherited)",
					"@executable_path/Frameworks",
				);
				MARKETING_VERSION = 1.0;
				PRODUCT_BUNDLE_IDENTIFIER = mvt.com.TicTacTeo;
				PRODUCT_NAME = "$(TARGET_NAME)";
				SWIFT_EMIT_LOC_STRINGS = YES;
				SWIFT_VERSION = 5.0;
				TARGETED_DEVICE_FAMILY = "1,2";
			};
			name = Release;
		};
		D51B393F2E52BBE900535B10 /* Debug */ = {
			isa = XCBuildConfiguration;
			buildSettings = {
				ALWAYS_SEARCH_USER_PATHS = NO;
				ASSETCATALOG_COMPILER_GENERATE_SWIFT_ASSET_SYMBOL_EXTENSIONS = YES;
				CLANG_ANALYZER_NONNULL = YES;
				CLANG_ANALYZER_NUMBER_OBJECT_CONVERSION = YES_AGGRESSIVE;
				CLANG_CXX_LANGUAGE_STANDARD = "gnu++20";
				CLANG_ENABLE_MODULES = YES;
				CLANG_ENABLE_OBJC_ARC = YES;
				CLANG_ENABLE_OBJC_WEAK = YES;
				CLANG_WARN_BLOCK_CAPTURE_AUTORELEASING = YES;
				CLANG_WARN_BOOL_CONVERSION = YES;
				CLANG_WARN_COMMA = YES;
				CLANG_WARN_CONSTANT_CONVERSION = YES;
				CLANG_WARN_DEPRECATED_OBJC_IMPLEMENTATIONS = YES;
				CLANG_WARN_DIRECT_OBJC_ISA_USAGE = YES_ERROR;
				CLANG_WARN_DOCUMENTATION_COMMENTS = YES;
				CLANG_WARN_EMPTY_BODY = YES;
				CLANG_WARN_ENUM_CONVERSION = YES;
				CLANG_WARN_INFINITE_RECURSION = YES;
				CLANG_WARN_INT_CONVERSION = YES;
				CLANG_WARN_NON_LITERAL_NULL_CONVERSION = YES;
				CLANG_WARN_OBJC_IMPLICIT_RETAIN_SELF = YES;
				CLANG_WARN_OBJC_LITERAL_CONVERSION = YES;
				CLANG_WARN_OBJC_ROOT_CLASS = YES_ERROR;
				CLANG_WARN_QUOTED_INCLUDE_IN_FRAMEWORK_HEADER = YES;
				CLANG_WARN_RANGE_LOOP_ANALYSIS = YES;
				CLANG_WARN_STRICT_PROTOTYPES = YES;
				CLANG_WARN_SUSPICIOUS_MOVE = YES;
				CLANG_WARN_UNGUARDED_AVAILABILITY = YES_AGGRESSIVE;
				CLANG_WARN_UNREACHABLE_CODE = YES;
				CLANG_WARN__DUPLICATE_METHOD_MATCH = YES;
				COPY_PHASE_STRIP = NO;
				DEBUG_INFORMATION_FORMAT = dwarf;
				DEVELOPMENT_TEAM = CGSDVY244T;
				ENABLE_STRICT_OBJC_MSGSEND = YES;
				ENABLE_TESTABILITY = YES;
				ENABLE_USER_SCRIPT_SANDBOXING = YES;
				GCC_C_LANGUAGE_STANDARD = gnu17;
				GCC_DYNAMIC_NO_PIC = NO;
				GCC_NO_COMMON_BLOCKS = YES;
				GCC_OPTIMIZATION_LEVEL = 0;
				GCC_PREPROCESSOR_DEFINITIONS = (
					"DEBUG=1",
					"$(inherited)",
				);
				GCC_WARN_64_TO_32_BIT_CONVERSION = YES;
				GCC_WARN_ABOUT_RETURN_TYPE = YES_ERROR;
				GCC_WARN_UNDECLARED_SELECTOR = YES;
				GCC_WARN_UNINITIALIZED_AUTOS = YES_AGGRESSIVE;
				GCC_WARN_UNUSED_FUNCTION = YES;
				GCC_WARN_UNUSED_VARIABLE = YES;
				IPHONEOS_DEPLOYMENT_TARGET = 18.4;
				LOCALIZATION_PREFERS_STRING_CATALOGS = YES;
				MTL_ENABLE_DEBUG_INFO = INCLUDE_SOURCE;
				MTL_FAST_MATH = YES;
				ONLY_ACTIVE_ARCH = YES;
				SDKROOT = iphoneos;
				SWIFT_ACTIVE_COMPILATION_CONDITIONS = "DEBUG $(inherited)";
				SWIFT_OPTIMIZATION_LEVEL = "-Onone";
			};
			name = Debug;
		};
		D51B39402E52BBE900535B10 /* Release */ = {
			isa = XCBuildConfiguration;
			buildSettings = {
				ALWAYS_SEARCH_USER_PATHS = NO;
				ASSETCATALOG_COMPILER_GENERATE_SWIFT_ASSET_SYMBOL_EXTENSIONS = YES;
				CLANG_ANALYZER_NONNULL = YES;
				CLANG_ANALYZER_NUMBER_OBJECT_CONVERSION = YES_AGGRESSIVE;
				CLANG_CXX_LANGUAGE_STANDARD = "gnu++20";
				CLANG_ENABLE_MODULES = YES;
				CLANG_ENABLE_OBJC_ARC = YES;
				CLANG_ENABLE_OBJC_WEAK = YES;
				CLANG_WARN_BLOCK_CAPTURE_AUTORELEASING = YES;
				CLANG_WARN_BOOL_CONVERSION = YES;
				CLANG_WARN_COMMA = YES;
				CLANG_WARN_CONSTANT_CONVERSION = YES;
				CLANG_WARN_DEPRECATED_OBJC_IMPLEMENTATIONS = YES;
				CLANG_WARN_DIRECT_OBJC_ISA_USAGE = YES_ERROR;
				CLANG_WARN_DOCUMENTATION_COMMENTS = YES;
				CLANG_WARN_EMPTY_BODY = YES;
				CLANG_WARN_ENUM_CONVERSION = YES;
				CLANG_WARN_INFINITE_RECURSION = YES;
				CLANG_WARN_INT_CONVERSION = YES;
				CLANG_WARN_NON_LITERAL_NULL_CONVERSION = YES;
				CLANG_WARN_OBJC_IMPLICIT_RETAIN_SELF = YES;
				CLANG_WARN_OBJC_LITERAL_CONVERSION = YES;
				CLANG_WARN_OBJC_ROOT_CLASS = YES_ERROR;
				CLANG_WARN_QUOTED_INCLUDE_IN_FRAMEWORK_HEADER = YES;
				CLANG_WARN_RANGE_LOOP_ANALYSIS = YES;
				CLANG_WARN_STRICT_PROTOTYPES = YES;
				CLANG_WARN_SUSPICIOUS_MOVE = YES;
				CLANG_WARN_UNGUARDED_AVAILABILITY = YES_AGGRESSIVE;
				CLANG_WARN_UNREACHABLE_CODE = YES;
				CLANG_WARN__DUPLICATE_METHOD_MATCH = YES;
				COPY_PHASE_STRIP = NO;
				DEBUG_INFORMATION_FORMAT = "dwarf-with-dsym";
				DEVELOPMENT_TEAM = CGSDVY244T;
				ENABLE_NS_ASSERTIONS = NO;
				ENABLE_STRICT_OBJC_MSGSEND = YES;
				ENABLE_USER_SCRIPT_SANDBOXING = YES;
				GCC_C_LANGUAGE_STANDARD = gnu17;
				GCC_NO_COMMON_BLOCKS = YES;
				GCC_WARN_64_TO_32_BIT_CONVERSION = YES;
				GCC_WARN_ABOUT_RETURN_TYPE = YES_ERROR;
				GCC_WARN_UNDECLARED_SELECTOR = YES;
				GCC_WARN_UNINITIALIZED_AUTOS = YES_AGGRESSIVE;
				GCC_WARN_UNUSED_FUNCTION = YES;
				GCC_WARN_UNUSED_VARIABLE = YES;
				IPHONEOS_DEPLOYMENT_TARGET = 18.4;
				LOCALIZATION_PREFERS_STRING_CATALOGS = YES;
				MTL_ENABLE_DEBUG_INFO = NO;
				MTL_FAST_MATH = YES;
				SDKROOT = iphoneos;
				SWIFT_COMPILATION_MODE = wholemodule;
				VALIDATE_PRODUCT = YES;
			};
			name = Release;
		};
		D51B39422E52BBE900535B10 /* Debug */ = {
			isa = XCBuildConfiguration;
			buildSettings = {
				BUNDLE_LOADER = "$(TEST_HOST)";
				CODE_SIGN_STYLE = Automatic;
				CURRENT_PROJECT_VERSION = 1;
				DEVELOPMENT_TEAM = CGSDVY244T;
				GENERATE_INFOPLIST_FILE = YES;
				IPHONEOS_DEPLOYMENT_TARGET = 18.4;
				MARKETING_VERSION = 1.0;
				PRODUCT_BUNDLE_IDENTIFIER = mvt.com.TicTacTeoTests;
				PRODUCT_NAME = "$(TARGET_NAME)";
				SWIFT_EMIT_LOC_STRINGS = NO;
				SWIFT_VERSION = 5.0;
				TARGETED_DEVICE_FAMILY = "1,2";
				TEST_HOST = "$(BUILT_PRODUCTS_DIR)/TicTacTeo.app/$(BUNDLE_EXECUTABLE_FOLDER_PATH)/TicTacTeo";
			};
			name = Debug;
		};
		D51B39432E52BBE900535B10 /* Release */ = {
			isa = XCBuildConfiguration;
			buildSettings = {
				BUNDLE_LOADER = "$(TEST_HOST)";
				CODE_SIGN_STYLE = Automatic;
				CURRENT_PROJECT_VERSION = 1;
				DEVELOPMENT_TEAM = CGSDVY244T;
				GENERATE_INFOPLIST_FILE = YES;
				IPHONEOS_DEPLOYMENT_TARGET = 18.4;
				MARKETING_VERSION = 1.0;
				PRODUCT_BUNDLE_IDENTIFIER = mvt.com.TicTacTeoTests;
				PRODUCT_NAME = "$(TARGET_NAME)";
				SWIFT_EMIT_LOC_STRINGS = NO;
				SWIFT_VERSION = 5.0;
				TARGETED_DEVICE_FAMILY = "1,2";
				TEST_HOST = "$(BUILT_PRODUCTS_DIR)/TicTacTeo.app/$(BUNDLE_EXECUTABLE_FOLDER_PATH)/TicTacTeo";
			};
			name = Release;
		};
		D51B39452E52BBE900535B10 /* Debug */ = {
			isa = XCBuildConfiguration;
			buildSettings = {
				CODE_SIGN_STYLE = Automatic;
				CURRENT_PROJECT_VERSION = 1;
				DEVELOPMENT_TEAM = CGSDVY244T;
				GENERATE_INFOPLIST_FILE = YES;
				MARKETING_VERSION = 1.0;
				PRODUCT_BUNDLE_IDENTIFIER = mvt.com.TicTacTeoUITests;
				PRODUCT_NAME = "$(TARGET_NAME)";
				SWIFT_EMIT_LOC_STRINGS = NO;
				SWIFT_VERSION = 5.0;
				TARGETED_DEVICE_FAMILY = "1,2";
				TEST_TARGET_NAME = TicTacTeo;
			};
			name = Debug;
		};
		D51B39462E52BBE900535B10 /* Release */ = {
			isa = XCBuildConfiguration;
			buildSettings = {
				CODE_SIGN_STYLE = Automatic;
				CURRENT_PROJECT_VERSION = 1;
				DEVELOPMENT_TEAM = CGSDVY244T;
				GENERATE_INFOPLIST_FILE = YES;
				MARKETING_VERSION = 1.0;
				PRODUCT_BUNDLE_IDENTIFIER = mvt.com.TicTacTeoUITests;
				PRODUCT_NAME = "$(TARGET_NAME)";
				SWIFT_EMIT_LOC_STRINGS = NO;
				SWIFT_VERSION = 5.0;
				TARGETED_DEVICE_FAMILY = "1,2";
				TEST_TARGET_NAME = TicTacTeo;
			};
			name = Release;
		};
/* End XCBuildConfiguration section */

/* Begin XCConfigurationList section */
		D51B390E2E52BBE800535B10 /* Build configuration list for PBXProject "TicTacTeo" */ = {
			isa = XCConfigurationList;
			buildConfigurations = (
				D51B393F2E52BBE900535B10 /* Debug */,
				D51B39402E52BBE900535B10 /* Release */,
			);
			defaultConfigurationIsVisible = 0;
			defaultConfigurationName = Release;
		};
		D51B393C2E52BBE900535B10 /* Build configuration list for PBXNativeTarget "TicTacTeo" */ = {
			isa = XCConfigurationList;
			buildConfigurations = (
				D51B393D2E52BBE900535B10 /* Debug */,
				D51B393E2E52BBE900535B10 /* Release */,
			);
			defaultConfigurationIsVisible = 0;
			defaultConfigurationName = Release;
		};
		D51B39412E52BBE900535B10 /* Build configuration list for PBXNativeTarget "TicTacTeoTests" */ = {
			isa = XCConfigurationList;
			buildConfigurations = (
				D51B39422E52BBE900535B10 /* Debug */,
				D51B39432E52BBE900535B10 /* Release */,
			);
			defaultConfigurationIsVisible = 0;
			defaultConfigurationName = Release;
		};
		D51B39442E52BBE900535B10 /* Build configuration list for PBXNativeTarget "TicTacTeoUITests" */ = {
			isa = XCConfigurationList;
			buildConfigurations = (
				D51B39452E52BBE900535B10 /* Debug */,
				D51B39462E52BBE900535B10 /* Release */,
			);
			defaultConfigurationIsVisible = 0;
			defaultConfigurationName = Release;
		};
/* End XCConfigurationList section */
	};
	rootObject = D51B390B2E52BBE800535B10 /* Project object */;
}
